[root]
name = "peevee-cli"
version = "0.0.1"
dependencies = [
 "rand 0.1.2 (registry+https://github.com/rust-lang/crates.io-index)",
 "rpassword 0.0.1 (registry+https://github.com/rust-lang/crates.io-index)",
 "rust-crypto 0.2.15 (registry+https://github.com/rust-lang/crates.io-index)",
 "rustc-serialize 0.2.12 (registry+https://github.com/rust-lang/crates.io-index)",
]

[[package]]
name = "gcc"
version = "0.1.7"
source = "registry+https://github.com/rust-lang/crates.io-index"

[[package]]
name = "libc"
version = "0.1.2"
source = "registry+https://github.com/rust-lang/crates.io-index"

[[package]]
name = "log"
version = "0.2.3"
source = "registry+https://github.com/rust-lang/crates.io-index"

[[package]]
name = "rand"
version = "0.1.2"
source = "registry+https://github.com/rust-lang/crates.io-index"
dependencies = [
 "libc 0.1.2 (registry+https://github.com/rust-lang/crates.io-index)",
 "log 0.2.3 (registry+https://github.com/rust-lang/crates.io-index)",
]

[[package]]
name = "rpassword"
version = "0.0.1"
source = "registry+https://github.com/rust-lang/crates.io-index"
dependencies = [
 "termios 0.0.2 (registry+https://github.com/rust-lang/crates.io-index)",
]

[[package]]
name = "rust-crypto"
version = "0.2.15"
source = "registry+https://github.com/rust-lang/crates.io-index"
dependencies = [
 "rand 0.1.2 (registry+https://github.com/rust-lang/crates.io-index)",
 "rustc-serialize 0.2.12 (registry+https://github.com/rust-lang/crates.io-index)",
 "time 0.1.16 (registry+https://github.com/rust-lang/crates.io-index)",
]

[[package]]
name = "rustc-serialize"
version = "0.2.12"
source = "registry+https://github.com/rust-lang/crates.io-index"

[[package]]
name = "termios"
version = "0.0.2"
source = "registry+https://github.com/rust-lang/crates.io-index"

[[package]]
name = "time"
version = "0.1.16"
source = "registry+https://github.com/rust-lang/crates.io-index"
dependencies = [
 "gcc 0.1.7 (registry+https://github.com/rust-lang/crates.io-index)",
 "libc 0.1.2 (registry+https://github.com/rust-lang/crates.io-index)",
]

